Microsoft Visual Studio Solution File, Format Version 12.00
# Visual Studio Version 17
VisualStudioVersion = 17.0.31903.59
MinimumVisualStudioVersion = 10.0.40219.1
Project("{9A19103F-16F7-4668-BE54-9A1E7A4F7556}") = "Service", "Service\Service.csproj", "{2624F7A0-0A12-4012-A42C-214A3B640B36}"
EndProject
Project("{FAE04EC0-301F-11D3-BF4B-00C04F79EFBC}") = "Core", "Core\Core.csproj", "{DE8B8132-9AFB-4FE9-AF42-E593E4AF97C0}"
EndProject
Project("{FAE04EC0-301F-11D3-BF4B-00C04F79EFBC}") = "Infrastructure", "Infrastructure\Infrastructure.csproj", "{8CBC3AF6-B669-45A9-B08E-326CAC2C771F}"
EndProject
Project("{FAE04EC0-301F-11D3-BF4B-00C04F79EFBC}") = "Adapters.Windows", "Adapters.Windows\Adapters.Windows.csproj", "{545A0A76-ED8A-42A4-9152-4E98A47D7581}"
EndProject
Project("{FAE04EC0-301F-11D3-BF4B-00C04F79EFBC}") = "Adapters.CrossPlatform", "Adapters.CrossPlatform\Adapters.CrossPlatform.csproj", "{7EF367EE-0C49-4C85-B857-E3BC6CA21F05}"
EndProject
Project("{FAE04EC0-301F-11D3-BF4B-00C04F79EFBC}") = "Adapters.Common", "Adapters.Common\Adapters.Common.csproj", "{68E03D1A-8966-4302-AA69-B9E11B92D9E6}"
EndProject
Global
	GlobalSection(SolutionConfigurationPlatforms) = preSolution
		Debug|Any CPU = Debug|Any CPU
		Release|Any CPU = Release|Any CPU
		Test|Any CPU = Test|Any CPU
	EndGlobalSection
	GlobalSection(ProjectConfigurationPlatforms) = postSolution
		{2624F7A0-0A12-4012-A42C-214A3B640B36}.Debug|Any CPU.ActiveCfg = Debug|Any CPU
		{2624F7A0-0A12-4012-A42C-214A3B640B36}.Debug|Any CPU.Build.0 = Debug|Any CPU
		{2624F7A0-0A12-4012-A42C-214A3B640B36}.Release|Any CPU.ActiveCfg = Release|Any CPU
		{2624F7A0-0A12-4012-A42C-214A3B640B36}.Release|Any CPU.Build.0 = Release|Any CPU
		{2624F7A0-0A12-4012-A42C-214A3B640B36}.Test|Any CPU.ActiveCfg = Test|Any CPU
		{2624F7A0-0A12-4012-A42C-214A3B640B36}.Test|Any CPU.Build.0 = Test|Any CPU
		{DE8B8132-9AFB-4FE9-AF42-E593E4AF97C0}.Debug|Any CPU.ActiveCfg = Debug|Any CPU
		{DE8B8132-9AFB-4FE9-AF42-E593E4AF97C0}.Debug|Any CPU.Build.0 = Debug|Any CPU
		{DE8B8132-9AFB-4FE9-AF42-E593E4AF97C0}.Release|Any CPU.ActiveCfg = Release|Any CPU
		{DE8B8132-9AFB-4FE9-AF42-E593E4AF97C0}.Release|Any CPU.Build.0 = Release|Any CPU
		{DE8B8132-9AFB-4FE9-AF42-E593E4AF97C0}.Test|Any CPU.ActiveCfg = Debug|Any CPU
		{DE8B8132-9AFB-4FE9-AF42-E593E4AF97C0}.Test|Any CPU.Build.0 = Debug|Any CPU
		{8CBC3AF6-B669-45A9-B08E-326CAC2C771F}.Debug|Any CPU.ActiveCfg = Debug|Any CPU
		{8CBC3AF6-B669-45A9-B08E-326CAC2C771F}.Debug|Any CPU.Build.0 = Debug|Any CPU
		{8CBC3AF6-B669-45A9-B08E-326CAC2C771F}.Release|Any CPU.ActiveCfg = Release|Any CPU
		{8CBC3AF6-B669-45A9-B08E-326CAC2C771F}.Release|Any CPU.Build.0 = Release|Any CPU
		{8CBC3AF6-B669-45A9-B08E-326CAC2C771F}.Test|Any CPU.ActiveCfg = Debug|Any CPU
		{8CBC3AF6-B669-45A9-B08E-326CAC2C771F}.Test|Any CPU.Build.0 = Debug|Any CPU
		{545A0A76-ED8A-42A4-9152-4E98A47D7581}.Debug|Any CPU.ActiveCfg = Debug|Any CPU
		{545A0A76-ED8A-42A4-9152-4E98A47D7581}.Debug|Any CPU.Build.0 = Debug|Any CPU
		{545A0A76-ED8A-42A4-9152-4E98A47D7581}.Release|Any CPU.ActiveCfg = Release|Any CPU
		{545A0A76-ED8A-42A4-9152-4E98A47D7581}.Release|Any CPU.Build.0 = Release|Any CPU
		{545A0A76-ED8A-42A4-9152-4E98A47D7581}.Test|Any CPU.ActiveCfg = Debug|Any CPU
		{545A0A76-ED8A-42A4-9152-4E98A47D7581}.Test|Any CPU.Build.0 = Debug|Any CPU
		{7EF367EE-0C49-4C85-B857-E3BC6CA21F05}.Debug|Any CPU.ActiveCfg = Debug|Any CPU
		{7EF367EE-0C49-4C85-B857-E3BC6CA21F05}.Debug|Any CPU.Build.0 = Debug|Any CPU
		{7EF367EE-0C49-4C85-B857-E3BC6CA21F05}.Release|Any CPU.ActiveCfg = Release|Any CPU
		{7EF367EE-0C49-4C85-B857-E3BC6CA21F05}.Release|Any CPU.Build.0 = Release|Any CPU
		{7EF367EE-0C49-4C85-B857-E3BC6CA21F05}.Test|Any CPU.ActiveCfg = Debug|Any CPU
		{7EF367EE-0C49-4C85-B857-E3BC6CA21F05}.Test|Any CPU.Build.0 = Debug|Any CPU
		{68E03D1A-8966-4302-AA69-B9E11B92D9E6}.Debug|Any CPU.ActiveCfg = Debug|Any CPU
		{68E03D1A-8966-4302-AA69-B9E11B92D9E6}.Debug|Any CPU.Build.0 = Debug|Any CPU
		{68E03D1A-8966-4302-AA69-B9E11B92D9E6}.Release|Any CPU.ActiveCfg = Release|Any CPU
		{68E03D1A-8966-4302-AA69-B9E11B92D9E6}.Release|Any CPU.Build.0 = Release|Any CPU
		{68E03D1A-8966-4302-AA69-B9E11B92D9E6}.Test|Any CPU.ActiveCfg = Debug|Any CPU
		{68E03D1A-8966-4302-AA69-B9E11B92D9E6}.Test|Any CPU.Build.0 = Debug|Any CPU
	EndGlobalSection
	GlobalSection(SolutionProperties) = preSolution
		HideSolutionNode = FALSE
	EndGlobalSection
	GlobalSection(ExtensibilityGlobals) = postSolution
		SolutionGuid = {09B17B1D-4C9F-4C1E-8675-FB2EAC9C4EAB}
	EndGlobalSection
EndGlobal
